
Microsoft Visual Studio Solution File, Format Version 12.00
# Visual Studio 2013
VisualStudioVersion = 12.0.31101.0
MinimumVisualStudioVersion = 10.0.40219.1
Project("{FAE04EC0-301F-11D3-BF4B-00C04F79EFBC}") = "BankService", "BankService\BankService.csproj", "{D4009832-0B83-475B-B715-2F7C035B6D0D}"
EndProject
Project("{FAE04EC0-301F-11D3-BF4B-00C04F79EFBC}") = "BankServiceHost", "BankServiceHost\BankServiceHost.csproj", "{74CB0363-CE7F-498B-818D-ACE8A45C95E7}"
EndProject
Global
	GlobalSection(SolutionConfigurationPlatforms) = preSolution
		Debug|Any CPU = Debug|Any CPU
		Release|Any CPU = Release|Any CPU
	EndGlobalSection
	GlobalSection(ProjectConfigurationPlatforms) = postSolution
		{D4009832-0B83-475B-B715-2F7C035B6D0D}.Debug|Any CPU.ActiveCfg = Debug|Any CPU
		{D4009832-0B83-475B-B715-2F7C035B6D0D}.Debug|Any CPU.Build.0 = Debug|Any CPU
		{D4009832-0B83-475B-B715-2F7C035B6D0D}.Release|Any CPU.ActiveCfg = Release|Any CPU
		{D4009832-0B83-475B-B715-2F7C035B6D0D}.Release|Any CPU.Build.0 = Release|Any CPU
		{74CB0363-CE7F-498B-818D-ACE8A45C95E7}.Debug|Any CPU.ActiveCfg = Debug|Any CPU
		{74CB0363-CE7F-498B-818D-ACE8A45C95E7}.Debug|Any CPU.Build.0 = Debug|Any CPU
		{74CB0363-CE7F-498B-818D-ACE8A45C95E7}.Release|Any CPU.ActiveCfg = Release|Any CPU
		{74CB0363-CE7F-498B-818D-ACE8A45C95E7}.Release|Any CPU.Build.0 = Release|Any CPU
	EndGlobalSection
	GlobalSection(SolutionProperties) = preSolution
		HideSolutionNode = FALSE
	EndGlobalSection
EndGlobal
